
Microsoft Visual Studio Solution File, Format Version 12.00
# Visual Studio Version 17
VisualStudioVersion = 17.10.35013.160
MinimumVisualStudioVersion = 10.0.40219.1
Project("{9A19103F-16F7-4668-BE54-9A1E7A4F7556}") = "BlazorUi", "BlazorUi\BlazorUi.csproj", "{D4EA40F3-0B0D-4958-9910-1DA72CB2A92B}"
EndProject
Project("{FAE04EC0-301F-11D3-BF4B-00C04F79EFBC}") = "Api", "Api\Api.csproj", "{A5584892-BDCD-4C07-9963-149597609FFC}"
EndProject
Project("{FAE04EC0-301F-11D3-BF4B-00C04F79EFBC}") = "Core", "Core\Core.csproj", "{33873615-CD57-4964-A44D-07947AF08B63}"
EndProject
Project("{FAE04EC0-301F-11D3-BF4B-00C04F79EFBC}") = "Infrastructure", "Infrastructure\Infrastructure.csproj", "{10047874-C8A5-4092-9E5E-F6588F4F9B9C}"
EndProject
Project("{FAE04EC0-301F-11D3-BF4B-00C04F79EFBC}") = "Application", "Application\Application.csproj", "{653AFB81-C4F5-4679-A904-36296C79DDCF}"
EndProject
Global
	GlobalSection(SolutionConfigurationPlatforms) = preSolution
		Debug|Any CPU = Debug|Any CPU
		Release|Any CPU = Release|Any CPU
	EndGlobalSection
	GlobalSection(ProjectConfigurationPlatforms) = postSolution
		{D4EA40F3-0B0D-4958-9910-1DA72CB2A92B}.Debug|Any CPU.ActiveCfg = Debug|Any CPU
		{D4EA40F3-0B0D-4958-9910-1DA72CB2A92B}.Debug|Any CPU.Build.0 = Debug|Any CPU
		{D4EA40F3-0B0D-4958-9910-1DA72CB2A92B}.Release|Any CPU.ActiveCfg = Release|Any CPU
		{D4EA40F3-0B0D-4958-9910-1DA72CB2A92B}.Release|Any CPU.Build.0 = Release|Any CPU
		{A5584892-BDCD-4C07-9963-149597609FFC}.Debug|Any CPU.ActiveCfg = Debug|Any CPU
		{A5584892-BDCD-4C07-9963-149597609FFC}.Debug|Any CPU.Build.0 = Debug|Any CPU
		{A5584892-BDCD-4C07-9963-149597609FFC}.Release|Any CPU.ActiveCfg = Release|Any CPU
		{A5584892-BDCD-4C07-9963-149597609FFC}.Release|Any CPU.Build.0 = Release|Any CPU
		{33873615-CD57-4964-A44D-07947AF08B63}.Debug|Any CPU.ActiveCfg = Debug|Any CPU
		{33873615-CD57-4964-A44D-07947AF08B63}.Debug|Any CPU.Build.0 = Debug|Any CPU
		{33873615-CD57-4964-A44D-07947AF08B63}.Release|Any CPU.ActiveCfg = Release|Any CPU
		{33873615-CD57-4964-A44D-07947AF08B63}.Release|Any CPU.Build.0 = Release|Any CPU
		{10047874-C8A5-4092-9E5E-F6588F4F9B9C}.Debug|Any CPU.ActiveCfg = Debug|Any CPU
		{10047874-C8A5-4092-9E5E-F6588F4F9B9C}.Debug|Any CPU.Build.0 = Debug|Any CPU
		{10047874-C8A5-4092-9E5E-F6588F4F9B9C}.Release|Any CPU.ActiveCfg = Release|Any CPU
		{10047874-C8A5-4092-9E5E-F6588F4F9B9C}.Release|Any CPU.Build.0 = Release|Any CPU
		{653AFB81-C4F5-4679-A904-36296C79DDCF}.Debug|Any CPU.ActiveCfg = Debug|Any CPU
		{653AFB81-C4F5-4679-A904-36296C79DDCF}.Debug|Any CPU.Build.0 = Debug|Any CPU
		{653AFB81-C4F5-4679-A904-36296C79DDCF}.Release|Any CPU.ActiveCfg = Release|Any CPU
		{653AFB81-C4F5-4679-A904-36296C79DDCF}.Release|Any CPU.Build.0 = Release|Any CPU
	EndGlobalSection
	GlobalSection(SolutionProperties) = preSolution
		HideSolutionNode = FALSE
	EndGlobalSection
	GlobalSection(ExtensibilityGlobals) = postSolution
		SolutionGuid = {3C5F36BB-4A6F-41E0-AF28-DD5E5F168531}
	EndGlobalSection
EndGlobal
